{
    "_meta": {
        "hash": {
            "sha256": "c9144abd6d5d67e014e783c9d04d60fd1f825d4bbd940dbc7b35b8314a709259"
        },
        "pipfile-spec": 6,
        "requires": {
            "python_version": "3.9"
        },
        "sources": [
            {
                "name": "pypi",
                "url": "https://pypi.python.org/simple",
                "verify_ssl": true
            }
        ]
    },
    "default": {
        "altgraph": {
            "hashes": [
                "sha256:ad33358114df7c9416cdb8fa1eaa5852166c505118717021c6a8c7c7abbd03dd",
                "sha256:c8ac1ca6772207179ed8003ce7687757c04b0b71536f81e2ac5755c6226458fe"
            ],
            "version": "==0.17.3"
        },
        "asttokens": {
            "hashes": [
                "sha256:4622110b2a6f30b77e1473affaa97e711bc2f07d3f10848420ff1898edbe94f3",
                "sha256:6b0ac9e93fb0335014d382b8fa9b3afa7df546984258005da0b9e7095b3deb1c"
            ],
            "version": "==2.2.1"
        },
        "attrs": {
            "hashes": [
                "sha256:29e95c7f6778868dbd49170f98f8818f78f3dc5e0e37c0b1f474e3561b240836",
                "sha256:c9227bfc2f01993c03f68db37d1d15c9690188323c067c641f1a35ca58185f99"
            ],
            "version": "==22.2.0"
        },
        "auto-py-to-exe": {
            "hashes": [
                "sha256:9c922c7946441e5c29e46f9870416bd1a61fee988f09e261c2f830b297c81e4f",
                "sha256:9e91267e74afcc38f72aca4b20ce5aad9e82052ea506ac27fb029dbcb7e2a003"
            ],
            "index": "pypi",
            "version": "==2.29.2"
        },
        "backcall": {
            "hashes": [
                "sha256:5cbdbf27be5e7cfadb448baf0aa95508f91f2bbc6c6437cd9cd06e2a4c215e1e",
                "sha256:fbbce6a29f263178a1f7915c1940bde0ec2b2a967566fe1c65c1dfb7422bd255"
            ],
            "version": "==0.2.0"
        },
        "bottle": {
            "hashes": [
                "sha256:683de3aa399fb26e87b274dbcf70b1a651385d459131716387abdc3792e04167",
                "sha256:9f1c363257c590bd34db5fad4693a7f06ff4217e9ad18337451de69c25137127"
            ],
            "version": "==0.12.23"
        },
        "bottle-websocket": {
            "hashes": [
                "sha256:9887f70dc0c7592ed8d0d11a14aa95dede6cd08d50d83d5b81fd963e5fec738b"
            ],
            "version": "==0.2.9"
        },
        "colorama": {
            "hashes": [
                "sha256:08695f5cb7ed6e0531a20572697297273c47b8cae5a63ffc6d6ed5c201be6e44",
                "sha256:4f1d9991f5acc0ca119f9d443620b77f9d6b33703e51011c16baf57afb285fc6"
            ],
            "index": "pypi",
            "version": "==0.4.6"
        },
        "comm": {
            "hashes": [
                "sha256:3e2f5826578e683999b93716285b3b1f344f157bf75fa9ce0a797564e742f062",
                "sha256:9f3abf3515112fa7c55a42a6a5ab358735c9dccc8b5910a9d8e3ef5998130666"
            ],
            "version": "==0.1.2"
        },
        "debugpy": {
            "hashes": [
                "sha256:0ea1011e94416e90fb3598cc3ef5e08b0a4dd6ce6b9b33ccd436c1dffc8cd664",
                "sha256:23363e6d2a04d726bbc1400bd4e9898d54419b36b2cdf7020e3e215e1dcd0f8e",
                "sha256:23c29e40e39ad7d869d408ded414f6d46d82f8a93b5857ac3ac1e915893139ca",
                "sha256:549ae0cb2d34fc09d1675f9b01942499751d174381b6082279cf19cdb3c47cbe",
                "sha256:70ab53918fd907a3ade01909b3ed783287ede362c80c75f41e79596d5ccacd32",
                "sha256:72687b62a54d9d9e3fb85e7a37ea67f0e803aaa31be700e61d2f3742a5683917",
                "sha256:78739f77c58048ec006e2b3eb2e0cd5a06d5f48c915e2fc7911a337354508110",
                "sha256:7aa7e103610e5867d19a7d069e02e72eb2b3045b124d051cfd1538f1d8832d1b",
                "sha256:87755e173fcf2ec45f584bb9d61aa7686bb665d861b81faa366d59808bbd3494",
                "sha256:9b5d1b13d7c7bf5d7cf700e33c0b8ddb7baf030fcf502f76fc061ddd9405d16c",
                "sha256:a771739902b1ae22a120dbbb6bd91b2cae6696c0e318b5007c5348519a4211c6",
                "sha256:b9c2130e1c632540fbf9c2c88341493797ddf58016e7cba02e311de9b0a96b67",
                "sha256:be596b44448aac14eb3614248c91586e2bc1728e020e82ef3197189aae556115",
                "sha256:c05349890804d846eca32ce0623ab66c06f8800db881af7a876dc073ac1c2225",
                "sha256:de4a045fbf388e120bb6ec66501458d3134f4729faed26ff95de52a754abddb1",
                "sha256:dff595686178b0e75580c24d316aa45a8f4d56e2418063865c114eef651a982e",
                "sha256:f6383c29e796203a0bba74a250615ad262c4279d398e89d895a69d3069498305"
            ],
            "version": "==1.6.6"
        },
        "decorator": {
            "hashes": [
                "sha256:637996211036b6385ef91435e4fae22989472f9d571faba8927ba8253acbc330",
                "sha256:b8c3f85900b9dc423225913c5aace94729fe1fa9763b38939a95226f02d37186"
            ],
            "version": "==5.1.1"
        },
        "eel": {
            "hashes": [
                "sha256:b21f88c21e050eb2b5f6296f1eeeaf57ad9a2dfbffdf1bf88b90ef05a6ffcdb9"
            ],
            "version": "==0.14.0"
        },
        "exceptiongroup": {
            "hashes": [
                "sha256:327cbda3da756e2de031a3107b81ab7b3770a602c4d16ca618298c526f4bec1e",
                "sha256:bcb67d800a4497e1b404c2dd44fca47d3b7a5e5433dbab67f96c1a685cdfdf23"
            ],
            "markers": "python_version < '3.11'",
            "version": "==1.1.0"
        },
        "executing": {
            "hashes": [
                "sha256:0314a69e37426e3608aada02473b4161d4caf5a4b244d1d0c48072b8fee7bacc",
                "sha256:19da64c18d2d851112f09c287f8d3dbbdf725ab0e569077efb6cdcbd3497c107"
            ],
            "version": "==1.2.0"
        },
        "future": {
            "hashes": [
                "sha256:34a17436ed1e96697a86f9de3d15a3b0be01d8bc8de9c1dffd59fb8234ed5307"
            ],
            "version": "==0.18.3"
        },
        "gevent": {
            "hashes": [
                "sha256:018f93de7d5318d2fb440f846839a4464738468c3476d5c9cf7da45bb71c18bd",
                "sha256:0d581f22a5be6281b11ad6309b38b18f0638cf896931223cbaa5adb904826ef6",
                "sha256:1472012493ca1fac103f700d309cb6ef7964dcdb9c788d1768266e77712f5e49",
                "sha256:172caa66273315f283e90a315921902cb6549762bdcb0587fd60cb712a9d6263",
                "sha256:17b68f4c9e20e47ad49fe797f37f91d5bbeace8765ce2707f979a8d4ec197e4d",
                "sha256:1ca01da176ee37b3527a2702f7d40dbc9ffb8cfc7be5a03bfa4f9eec45e55c46",
                "sha256:1d543c9407a1e4bca11a8932916988cfb16de00366de5bf7bc9e7a3f61e60b18",
                "sha256:1e1286a76f15b5e15f1e898731d50529e249529095a032453f2c101af3fde71c",
                "sha256:1e955238f59b2947631c9782a713280dd75884e40e455313b5b6bbc20b92ff73",
                "sha256:1f001cac0ba8da76abfeb392a3057f81fab3d67cc916c7df8ea977a44a2cc989",
                "sha256:1ff3796692dff50fec2f381b9152438b221335f557c4f9b811f7ded51b7a25a1",
                "sha256:2929377c8ebfb6f4d868d161cd8de2ea6b9f6c7a5fcd4f78bcd537319c16190b",
                "sha256:319d8b1699b7b8134de66d656cd739b308ab9c45ace14d60ae44de7775b456c9",
                "sha256:323b207b281ba0405fea042067fa1a61662e5ac0d574ede4ebbda03efd20c350",
                "sha256:3b7eae8a0653ba95a224faaddf629a913ace408edb67384d3117acf42d7dcf89",
                "sha256:4114f0f439f0b547bb6f1d474fee99ddb46736944ad2207cef3771828f6aa358",
                "sha256:4197d423e198265eef39a0dea286ef389da9148e070310f34455ecee8172c391",
                "sha256:494c7f29e94df9a1c3157d67bb7edfa32a46eed786e04d9ee68d39f375e30001",
                "sha256:4e2f008c82dc54ec94f4de12ca6feea60e419babb48ec145456907ae61625aa4",
                "sha256:53ee7f170ed42c7561fe8aff5d381dc9a4124694e70580d0c02fba6aafc0ea37",
                "sha256:54f4bfd74c178351a4a05c5c7df6f8a0a279ff6f392b57608ce0e83c768207f9",
                "sha256:58898dbabb5b11e4d0192aae165ad286dc6742c543e1be9d30dc82753547c508",
                "sha256:59b47e81b399d49a5622f0f503c59f1ce57b7705306ea0196818951dfc2f36c8",
                "sha256:5aa99e4882a9e909b4756ee799c6fa0f79eb0542779fad4cc60efa23ec1b2aa8",
                "sha256:6c04ee32c11e9fcee47c1b431834878dc987a7a2cc4fe126ddcae3bad723ce89",
                "sha256:84c517e33ed604fa06b7d756dc0171169cc12f7fdd68eb7b17708a62eebf4516",
                "sha256:8729129edef2637a8084258cb9ec4e4d5ca45d97ac77aa7a6ff19ccb530ab731",
                "sha256:877abdb3a669576b1d51ce6a49b7260b2a96f6b2424eb93287e779a3219d20ba",
                "sha256:8c192d2073e558e241f0b592c1e2b34127a4481a5be240cad4796533b88b1a98",
                "sha256:8f2477e7b0a903a01485c55bacf2089110e5f767014967ba4b287ff390ae2638",
                "sha256:96c56c280e3c43cfd075efd10b250350ed5ffd3c1514ec99a080b1b92d7c8374",
                "sha256:97cd42382421779f5d82ec5007199e8a84aa288114975429e4fd0a98f2290f10",
                "sha256:98bc510e80f45486ef5b806a1c305e0e89f0430688c14984b0dbdec03331f48b",
                "sha256:990d7069f14dc40674e0d5cb43c68fd3bad8337048613b9bb94a0c4180ffc176",
                "sha256:9d85574eb729f981fea9a78998725a06292d90a3ed50ddca74530c3148c0be41",
                "sha256:a2237451c721a0f874ef89dbb4af4fdc172b76a964befaa69deb15b8fff10f49",
                "sha256:a47a4e77e2bc668856aad92a0b8de7ee10768258d93cd03968e6c7ba2e832f76",
                "sha256:a5488eba6a568b4d23c072113da4fc0feb1b5f5ede7381656dc913e0d82204e2",
                "sha256:ae90226074a6089371a95f20288431cd4b3f6b0b096856afd862e4ac9510cddd",
                "sha256:b43d500d7d3c0e03070dee813335bb5315215aa1cf6a04c61093dfdd718640b3",
                "sha256:b6c144e08dfad4106effc043a026e5d0c0eff6ad031904c70bf5090c63f3a6a7",
                "sha256:d21ad79cca234cdbfa249e727500b0ddcbc7adfff6614a96e6eaa49faca3e4f2",
                "sha256:d82081656a5b9a94d37c718c8646c757e1617e389cdc533ea5e6a6f0b8b78545",
                "sha256:da4183f0b9d9a1e25e1758099220d32c51cc2c6340ee0dea3fd236b2b37598e4",
                "sha256:db562a8519838bddad0c439a2b12246bab539dd50e299ea7ff3644274a33b6a5",
                "sha256:ddaa3e310a8f1a45b5c42cf50b54c31003a3028e7d4e085059090ea0e7a5fddd",
                "sha256:ed7f16613eebf892a6a744d7a4a8f345bc6f066a0ff3b413e2479f9c0a180193",
                "sha256:efc003b6c1481165af61f0aeac248e0a9ac8d880bb3acbe469b448674b2d5281",
                "sha256:f01c9adbcb605364694b11dcd0542ec468a29ac7aba2fb5665dc6caf17ba4d7e",
                "sha256:f23d0997149a816a2a9045af29c66f67f405a221745b34cefeac5769ed451db8",
                "sha256:f3329bedbba4d3146ae58c667e0f9ac1e6f1e1e6340c7593976cdc60aa7d1a47",
                "sha256:f7ed2346eb9dc4344f9cb0d7963ce5b74fe16fdd031a2809bb6c2b6eba7ebcd5"
            ],
            "version": "==22.10.2"
        },
        "gevent-websocket": {
            "hashes": [
                "sha256:17b67d91282f8f4c973eba0551183fc84f56f1c90c8f6b6b30256f31f66f5242",
                "sha256:7eaef32968290c9121f7c35b973e2cc302ffb076d018c9068d2f5ca8b2d85fb0"
            ],
            "version": "==0.10.1"
        },
        "greenlet": {
            "hashes": [
                "sha256:03a8f4f3430c3b3ff8d10a2a86028c660355ab637cee9333d63d66b56f09d52a",
                "sha256:0bf60faf0bc2468089bdc5edd10555bab6e85152191df713e2ab1fcc86382b5a",
                "sha256:18a7f18b82b52ee85322d7a7874e676f34ab319b9f8cce5de06067384aa8ff43",
                "sha256:18e98fb3de7dba1c0a852731c3070cf022d14f0d68b4c87a19cc1016f3bb8b33",
                "sha256:1a819eef4b0e0b96bb0d98d797bef17dc1b4a10e8d7446be32d1da33e095dbb8",
                "sha256:26fbfce90728d82bc9e6c38ea4d038cba20b7faf8a0ca53a9c07b67318d46088",
                "sha256:2780572ec463d44c1d3ae850239508dbeb9fed38e294c68d19a24d925d9223ca",
                "sha256:283737e0da3f08bd637b5ad058507e578dd462db259f7f6e4c5c365ba4ee9343",
                "sha256:2d4686f195e32d36b4d7cf2d166857dbd0ee9f3d20ae349b6bf8afc8485b3645",
                "sha256:2dd11f291565a81d71dab10b7033395b7a3a5456e637cf997a6f33ebdf06f8db",
                "sha256:30bcf80dda7f15ac77ba5af2b961bdd9dbc77fd4ac6105cee85b0d0a5fcf74df",
                "sha256:32e5b64b148966d9cccc2c8d35a671409e45f195864560829f395a54226408d3",
                "sha256:36abbf031e1c0f79dd5d596bfaf8e921c41df2bdf54ee1eed921ce1f52999a86",
                "sha256:3a06ad5312349fec0ab944664b01d26f8d1f05009566339ac6f63f56589bc1a2",
                "sha256:3a51c9751078733d88e013587b108f1b7a1fb106d402fb390740f002b6f6551a",
                "sha256:3c9b12575734155d0c09d6c3e10dbd81665d5c18e1a7c6597df72fd05990c8cf",
                "sha256:3f6ea9bd35eb450837a3d80e77b517ea5bc56b4647f5502cd28de13675ee12f7",
                "sha256:4b58adb399c4d61d912c4c331984d60eb66565175cdf4a34792cd9600f21b394",
                "sha256:4d2e11331fc0c02b6e84b0d28ece3a36e0548ee1a1ce9ddde03752d9b79bba40",
                "sha256:5454276c07d27a740c5892f4907c86327b632127dd9abec42ee62e12427ff7e3",
                "sha256:561091a7be172ab497a3527602d467e2b3fbe75f9e783d8b8ce403fa414f71a6",
                "sha256:6c3acb79b0bfd4fe733dff8bc62695283b57949ebcca05ae5c129eb606ff2d74",
                "sha256:703f18f3fda276b9a916f0934d2fb6d989bf0b4fb5a64825260eb9bfd52d78f0",
                "sha256:7492e2b7bd7c9b9916388d9df23fa49d9b88ac0640db0a5b4ecc2b653bf451e3",
                "sha256:76ae285c8104046b3a7f06b42f29c7b73f77683df18c49ab5af7983994c2dd91",
                "sha256:7cafd1208fdbe93b67c7086876f061f660cfddc44f404279c1585bbf3cdc64c5",
                "sha256:7efde645ca1cc441d6dc4b48c0f7101e8d86b54c8530141b09fd31cef5149ec9",
                "sha256:88d9ab96491d38a5ab7c56dd7a3cc37d83336ecc564e4e8816dbed12e5aaefc8",
                "sha256:8eab883b3b2a38cc1e050819ef06a7e6344d4a990d24d45bc6f2cf959045a45b",
                "sha256:910841381caba4f744a44bf81bfd573c94e10b3045ee00de0cbf436fe50673a6",
                "sha256:9190f09060ea4debddd24665d6804b995a9c122ef5917ab26e1566dcc712ceeb",
                "sha256:937e9020b514ceedb9c830c55d5c9872abc90f4b5862f89c0887033ae33c6f73",
                "sha256:94c817e84245513926588caf1152e3b559ff794d505555211ca041f032abbb6b",
                "sha256:971ce5e14dc5e73715755d0ca2975ac88cfdaefcaab078a284fea6cfabf866df",
                "sha256:9d14b83fab60d5e8abe587d51c75b252bcc21683f24699ada8fb275d7712f5a9",
                "sha256:9f35ec95538f50292f6d8f2c9c9f8a3c6540bbfec21c9e5b4b751e0a7c20864f",
                "sha256:a1846f1b999e78e13837c93c778dcfc3365902cfb8d1bdb7dd73ead37059f0d0",
                "sha256:acd2162a36d3de67ee896c43effcd5ee3de247eb00354db411feb025aa319857",
                "sha256:b0ef99cdbe2b682b9ccbb964743a6aca37905fda5e0452e5ee239b1654d37f2a",
                "sha256:b80f600eddddce72320dbbc8e3784d16bd3fb7b517e82476d8da921f27d4b249",
                "sha256:b864ba53912b6c3ab6bcb2beb19f19edd01a6bfcbdfe1f37ddd1778abfe75a30",
                "sha256:b9ec052b06a0524f0e35bd8790686a1da006bd911dd1ef7d50b77bfbad74e292",
                "sha256:ba2956617f1c42598a308a84c6cf021a90ff3862eddafd20c3333d50f0edb45b",
                "sha256:bdfea8c661e80d3c1c99ad7c3ff74e6e87184895bbaca6ee8cc61209f8b9b85d",
                "sha256:be4ed120b52ae4d974aa40215fcdfde9194d63541c7ded40ee12eb4dda57b76b",
                "sha256:c4302695ad8027363e96311df24ee28978162cdcdd2006476c43970b384a244c",
                "sha256:c48f54ef8e05f04d6eff74b8233f6063cb1ed960243eacc474ee73a2ea8573ca",
                "sha256:c9c59a2120b55788e800d82dfa99b9e156ff8f2227f07c5e3012a45a399620b7",
                "sha256:cd021c754b162c0fb55ad5d6b9d960db667faad0fa2ff25bb6e1301b0b6e6a75",
                "sha256:d27ec7509b9c18b6d73f2f5ede2622441de812e7b1a80bbd446cb0633bd3d5ae",
                "sha256:d5508f0b173e6aa47273bdc0a0b5ba055b59662ba7c7ee5119528f466585526b",
                "sha256:d75209eed723105f9596807495d58d10b3470fa6732dd6756595e89925ce2470",
                "sha256:db1a39669102a1d8d12b57de2bb7e2ec9066a6f2b3da35ae511ff93b01b5d564",
                "sha256:dbfcfc0218093a19c252ca8eb9aee3d29cfdcb586df21049b9d777fd32c14fd9",
                "sha256:e0f72c9ddb8cd28532185f54cc1453f2c16fb417a08b53a855c4e6a418edd099",
                "sha256:e7c8dc13af7db097bed64a051d2dd49e9f0af495c26995c00a9ee842690d34c0",
                "sha256:ea9872c80c132f4663822dd2a08d404073a5a9b5ba6155bea72fb2a79d1093b5",
                "sha256:eff4eb9b7eb3e4d0cae3d28c283dc16d9bed6b193c2e1ace3ed86ce48ea8df19",
                "sha256:f82d4d717d8ef19188687aa32b8363e96062911e63ba22a0cff7802a8e58e5f1",
                "sha256:fc3a569657468b6f3fb60587e48356fe512c1754ca05a564f11366ac9e306526"
            ],
            "markers": "platform_python_implementation == 'CPython'",
            "version": "==2.0.2"
        },
        "importlib-metadata": {
            "hashes": [
                "sha256:7efb448ec9a5e313a57655d35aa54cd3e01b7e1fbcf72dce1bf06119420f5bad",
                "sha256:e354bedeb60efa6affdcc8ae121b73544a7aa74156d047311948f6d711cd378d"
            ],
            "markers": "python_version < '3.10'",
            "version": "==6.0.0"
        },
        "iniconfig": {
            "hashes": [
                "sha256:2d91e135bf72d31a410b17c16da610a82cb55f6b0477d1a902134b24a455b8b3",
                "sha256:b6a85871a79d2e3b22d2d1b94ac2824226a63c6b741c88f7ae975f18b6778374"
            ],
            "version": "==2.0.0"
        },
        "ipykernel": {
            "hashes": [
                "sha256:1a04bb359212e23e46adc0116ec82ea128c1e5bd532fde4fbe679787ff36f0cf",
                "sha256:a0f8eece39cab1ee352c9b59ec67bbe44d8299f8238e4c16ff7f4cf0052d3378"
            ],
            "version": "==6.21.1"
        },
        "ipython": {
            "hashes": [
                "sha256:b13a1d6c1f5818bd388db53b7107d17454129a70de2b87481d555daede5eb49e",
                "sha256:b38c31e8fc7eff642fc7c597061fff462537cf2314e3225a19c906b7b0d8a345"
            ],
            "version": "==8.10.0"
        },
        "ipywidgets": {
            "hashes": [
                "sha256:c0005a77a47d77889cafed892b58e33b4a2a96712154404c6548ec22272811ea",
                "sha256:ebb195e743b16c3947fe8827190fb87b4d00979c0fbf685afe4d2c4927059fa1"
            ],
            "version": "==8.0.4"
        },
        "jedi": {
            "hashes": [
                "sha256:203c1fd9d969ab8f2119ec0a3342e0b49910045abe6af0a3ae83a5764d54639e",
                "sha256:bae794c30d07f6d910d32a7048af09b5a39ed740918da923c6b780790ebac612"
            ],
            "version": "==0.18.2"
        },
        "jupyter-client": {
            "hashes": [
                "sha256:47ac9f586dbcff4d79387ec264faf0fdeb5f14845fa7345fd7d1e378f8096011",
                "sha256:c53731eb590b68839b0ce04bf46ff8c4f03278f5d9fe5c3b0f268a57cc2bd97e"
            ],
            "version": "==8.0.2"
        },
        "jupyter-core": {
            "hashes": [
                "sha256:1407cdb4c79ee467696c04b76633fc1884015fa109323365a6372c8e890cc83f",
                "sha256:4bdc2928c37f6917130c667d8b8708f20aee539d8283c6be72aabd2a4b4c83b0"
            ],
            "version": "==5.2.0"
        },
        "jupyterlab-widgets": {
            "hashes": [
                "sha256:a04a42e50231b355b7087e16a818f541e53589f7647144ea0344c4bf16f300e5",
                "sha256:eeaecdeaf6c03afc960ddae201ced88d5979b4ca9c3891bcb8f6631af705f5ef"
            ],
            "version": "==3.0.5"
        },
        "markdown-it-py": {
            "hashes": [
                "sha256:93de681e5c021a432c63147656fe21790bc01231e0cd2da73626f1aa3ac0fe27",
                "sha256:cf7e59fed14b5ae17c0006eff14a2d9a00ed5f3a846148153899a0224e2c07da"
            ],
            "version": "==2.1.0"
        },
        "matplotlib-inline": {
            "hashes": [
                "sha256:f1f41aab5328aa5aaea9b16d083b128102f8712542f819fe7e6a420ff581b311",
                "sha256:f887e5f10ba98e8d2b150ddcf4702c1e5f8b3a20005eb0f74bfdbd360ee6f304"
            ],
            "version": "==0.1.6"
        },
        "mdurl": {
            "hashes": [
                "sha256:84008a41e51615a49fc9966191ff91509e3c40b939176e643fd50a5c2196b8f8",
                "sha256:bb413d29f5eea38f31dd4754dd7377d4465116fb207585f97bf925588687c1ba"
            ],
            "version": "==0.1.2"
        },
        "nest-asyncio": {
            "hashes": [
                "sha256:b9a953fb40dceaa587d109609098db21900182b16440652454a146cffb06e8b8",
                "sha256:d267cc1ff794403f7df692964d1d2a3fa9418ffea2a3f6859a439ff482fef290"
            ],
            "version": "==1.5.6"
        },
        "packaging": {
            "hashes": [
                "sha256:714ac14496c3e68c99c29b00845f7a2b85f3bb6f1078fd9f72fd20f0570002b2",
                "sha256:b6ad297f8907de0fa2fe1ccbd26fdaf387f5f47c7275fedf8cce89f99446cf97"
            ],
            "version": "==23.0"
        },
        "parso": {
            "hashes": [
                "sha256:8c07be290bb59f03588915921e29e8a50002acaf2cdc5fa0e0114f91709fafa0",
                "sha256:c001d4636cd3aecdaf33cbb40aebb59b094be2a74c556778ef5576c175e19e75"
            ],
            "version": "==0.8.3"
        },
        "pexpect": {
            "hashes": [
                "sha256:0b48a55dcb3c05f3329815901ea4fc1537514d6ba867a152b581d69ae3710937",
                "sha256:fc65a43959d153d0114afe13997d439c22823a27cefceb5ff35c2178c6784c0c"
            ],
            "markers": "sys_platform != 'win32'",
            "version": "==4.8.0"
        },
        "pickleshare": {
            "hashes": [
                "sha256:87683d47965c1da65cdacaf31c8441d12b8044cdec9aca500cd78fc2c683afca",
                "sha256:9649af414d74d4df115d5d718f82acb59c9d418196b7b4290ed47a12ce62df56"
            ],
            "version": "==0.7.5"
        },
        "platformdirs": {
            "hashes": [
                "sha256:8a1228abb1ef82d788f74139988b137e78692984ec7b08eaa6c65f1723af28f9",
                "sha256:b1d5eb14f221506f50d6604a561f4c5786d9e80355219694a1b244bcd96f4567"
            ],
            "version": "==3.0.0"
        },
        "pluggy": {
            "hashes": [
                "sha256:4224373bacce55f955a878bf9cfa763c1e360858e330072059e10bad68531159",
                "sha256:74134bbf457f031a36d68416e1509f34bd5ccc019f0bcc952c7b909d06b37bd3"
            ],
            "version": "==1.0.0"
        },
        "prompt-toolkit": {
            "hashes": [
                "sha256:3e163f254bef5a03b146397d7c1963bd3e2812f0964bb9a24e6ec761fd28db63",
                "sha256:aa64ad242a462c5ff0363a7b9cfe696c20d55d9fc60c11fd8e632d064804d305"
            ],
            "version": "==3.0.36"
        },
        "psutil": {
            "hashes": [
                "sha256:149555f59a69b33f056ba1c4eb22bb7bf24332ce631c44a319cec09f876aaeff",
                "sha256:16653106f3b59386ffe10e0bad3bb6299e169d5327d3f187614b1cb8f24cf2e1",
                "sha256:3d7f9739eb435d4b1338944abe23f49584bde5395f27487d2ee25ad9a8774a62",
                "sha256:3ff89f9b835100a825b14c2808a106b6fdcc4b15483141482a12c725e7f78549",
                "sha256:54c0d3d8e0078b7666984e11b12b88af2db11d11249a8ac8920dd5ef68a66e08",
                "sha256:54d5b184728298f2ca8567bf83c422b706200bcbbfafdc06718264f9393cfeb7",
                "sha256:6001c809253a29599bc0dfd5179d9f8a5779f9dffea1da0f13c53ee568115e1e",
                "sha256:68908971daf802203f3d37e78d3f8831b6d1014864d7a85937941bb35f09aefe",
                "sha256:6b92c532979bafc2df23ddc785ed116fced1f492ad90a6830cf24f4d1ea27d24",
                "sha256:852dd5d9f8a47169fe62fd4a971aa07859476c2ba22c2254d4a1baa4e10b95ad",
                "sha256:9120cd39dca5c5e1c54b59a41d205023d436799b1c8c4d3ff71af18535728e94",
                "sha256:c1ca331af862803a42677c120aff8a814a804e09832f166f226bfd22b56feee8",
                "sha256:efeae04f9516907be44904cc7ce08defb6b665128992a56957abc9b61dca94b7",
                "sha256:fd8522436a6ada7b4aad6638662966de0d61d241cb821239b2ae7013d41a43d4"
            ],
            "version": "==5.9.4"
        },
        "ptyprocess": {
            "hashes": [
                "sha256:4b41f3967fce3af57cc7e94b888626c18bf37a083e3651ca8feeb66d492fef35",
                "sha256:5c5d0a3b48ceee0b48485e0c26037c0acd7d29765ca3fbb5cb3831d347423220"
            ],
            "version": "==0.7.0"
        },
        "pure-eval": {
            "hashes": [
                "sha256:01eaab343580944bc56080ebe0a674b39ec44a945e6d09ba7db3cb8cec289350",
                "sha256:2b45320af6dfaa1750f543d714b6d1c520a1688dec6fd24d339063ce0aaa9ac3"
            ],
            "version": "==0.2.2"
        },
        "pygments": {
            "hashes": [
                "sha256:b3ed06a9e8ac9a9aae5a6f5dbe78a8a58655d17b43b93c078f094ddc476ae297",
                "sha256:fa7bd7bd2771287c0de303af8bfdfc731f51bd2c6a47ab69d117138893b82717"
            ],
            "version": "==2.14.0"
        },
        "pyinstaller": {
            "hashes": [
                "sha256:314fb883caf3cbf06adbea2b77671bb73c3481568e994af0467ea7e47eb64755",
                "sha256:3b74f50a57b1413047042e47033480b7324b091f23dff790a4494af32b377d94",
                "sha256:4f4d818588e2d8de4bf24ed018056c3de0c95898ad25719e12d68626161b4933",
                "sha256:502a2166165a8e8c3d99c19272e923d2548bac2132424d78910ef9dd8bb11705",
                "sha256:5c9632a20faecd6d79f0124afb31e6557414d19be271e572765b474f860f8d76",
                "sha256:8d004699c5d71c704c14a5f81eec233faa4f87a3bf0ae68e222b87d63f5dd17e",
                "sha256:a62ee598b137202ef2e99d8dbaee6bc7379a6565c3ddf0331decb41b98eff1a2",
                "sha256:bacf236b5c2f8f674723a39daca399646dceb470881f842f52e393b9a67ff2f8",
                "sha256:bf1f7b7e88b467d7aefcdb2bc9cbd2e856ca88c5ab232c0efe0848f146d3bd5f",
                "sha256:ded780f0d3642d7bfc21d97b98d4ec4b41d2fe70c3f5c5d243868612f536e011",
                "sha256:e68bcadf32edc1171ccb06117699a6a4f8e924b7c2c8812cfa00fd0186ade4ee",
                "sha256:f9361eff44c7108c2312f39d85ed768c4ada7e0aa729046bbcef3ef3c1577d18"
            ],
            "version": "==5.8.0"
        },
        "pyinstaller-hooks-contrib": {
            "hashes": [
                "sha256:55c1def8066d0279d06cd67eea30c12ffcdb961a5edeeaf361adac0164baef30",
                "sha256:73fd4051dc1620f3ae9643291cd9e2f47bfed582ade2eb05e3247ecab4a4f5f3"
            ],
            "version": "==2022.15"
        },
        "pyparsing": {
            "hashes": [
                "sha256:2b020ecf7d21b687f219b71ecad3631f644a47f01403fa1d1036b0c6416d70fb",
                "sha256:5026bae9a10eeaefb61dab2f09052b9f4307d44aee4eda64b309723d8d206bbc"
            ],
            "version": "==3.0.9"
        },
        "pytest": {
            "hashes": [
                "sha256:c7c6ca206e93355074ae32f7403e8ea12163b1163c976fee7d4d84027c162be5",
                "sha256:d45e0952f3727241918b8fd0f376f5ff6b301cc0777c6f9a556935c92d8a7d42"
            ],
            "index": "pypi",
            "version": "==7.2.1"
        },
        "python-dateutil": {
            "hashes": [
                "sha256:0123cacc1627ae19ddf3c27a5de5bd67ee4586fbdd6440d9748f8abb483d3e86",
                "sha256:961d03dc3453ebbc59dbdea9e4e11c5651520a876d0f4db161e8674aae935da9"
            ],
            "version": "==2.8.2"
        },
        "pyzmq": {
            "hashes": [
                "sha256:00c94fd4c9dd3c95aace0c629a7fa713627a5c80c1819326b642adf6c4b8e2a2",
                "sha256:01d53958c787cfea34091fcb8ef36003dbb7913b8e9f8f62a0715234ebc98b70",
                "sha256:0282bba9aee6e0346aa27d6c69b5f7df72b5a964c91958fc9e0c62dcae5fdcdc",
                "sha256:02f5cb60a7da1edd5591a15efa654ffe2303297a41e1b40c3c8942f8f11fc17c",
                "sha256:0645b5a2d2a06fd8eb738018490c514907f7488bf9359c6ee9d92f62e844b76f",
                "sha256:0a154ef810d44f9d28868be04641f837374a64e7449df98d9208e76c260c7ef1",
                "sha256:0a90b2480a26aef7c13cff18703ba8d68e181facb40f78873df79e6d42c1facc",
                "sha256:0e8d00228db627ddd1b418c7afd81820b38575f237128c9650365f2dd6ac3443",
                "sha256:17e1cb97d573ea84d7cd97188b42ca6f611ab3ee600f6a75041294ede58e3d20",
                "sha256:183e18742be3621acf8908903f689ec520aee3f08449bfd29f583010ca33022b",
                "sha256:1f6116991568aac48b94d6d8aaed6157d407942ea385335a6ed313692777fb9d",
                "sha256:20638121b0bdc80777ce0ec8c1f14f1ffec0697a1f88f0b564fa4a23078791c4",
                "sha256:2754fa68da08a854f4816e05160137fa938a2347276471103d31e04bcee5365c",
                "sha256:28bcb2e66224a7ac2843eb632e4109d6b161479e7a2baf24e37210461485b4f1",
                "sha256:293a7c2128690f496057f1f1eb6074f8746058d13588389981089ec45d8fdc77",
                "sha256:2a73af6504e0d2805e926abf136ebf536735a13c22f709be7113c2ec65b4bec3",
                "sha256:2d05d904f03ddf1e0d83d97341354dfe52244a619b5a1440a5f47a5b3451e84e",
                "sha256:2e7b87638ee30ab13230e37ce5331b3e730b1e0dda30120b9eeec3540ed292c8",
                "sha256:3100dddcada66ec5940ed6391ebf9d003cc3ede3d320748b2737553019f58230",
                "sha256:31e523d067ce44a04e876bed3ff9ea1ff8d1b6636d16e5fcace9d22f8c564369",
                "sha256:3594c0ff604e685d7e907860b61d0e10e46c74a9ffca168f6e9e50ea934ee440",
                "sha256:3670e8c5644768f214a3b598fe46378a4a6f096d5fb82a67dfd3440028460565",
                "sha256:4046d03100aca266e70d54a35694cb35d6654cfbef633e848b3c4a8d64b9d187",
                "sha256:4725412e27612f0d7d7c2f794d89807ad0227c2fc01dd6146b39ada49c748ef9",
                "sha256:484c2c4ee02c1edc07039f42130bd16e804b1fe81c4f428e0042e03967f40c20",
                "sha256:487305c2a011fdcf3db1f24e8814bb76d23bc4d2f46e145bc80316a59a9aa07d",
                "sha256:4a1bc30f0c18444d51e9b0d0dd39e3a4e7c53ee74190bebef238cd58de577ea9",
                "sha256:4c25c95416133942280faaf068d0fddfd642b927fb28aaf4ab201a738e597c1e",
                "sha256:4cbb885f347eba7ab7681c450dee5b14aed9f153eec224ec0c3f299273d9241f",
                "sha256:4d3d604fe0a67afd1aff906e54da557a5203368a99dcc50a70eef374f1d2abef",
                "sha256:4e295f7928a31ae0f657e848c5045ba6d693fe8921205f408ca3804b1b236968",
                "sha256:5049e75cc99db65754a3da5f079230fb8889230cf09462ec972d884d1704a3ed",
                "sha256:5050f5c50b58a6e38ccaf9263a356f74ef1040f5ca4030225d1cb1a858c5b7b6",
                "sha256:526f884a27e8bba62fe1f4e07c62be2cfe492b6d432a8fdc4210397f8cf15331",
                "sha256:531866c491aee5a1e967c286cfa470dffac1e2a203b1afda52d62b58782651e9",
                "sha256:5605621f2181f20b71f13f698944deb26a0a71af4aaf435b34dd90146092d530",
                "sha256:58fc3ad5e1cfd2e6d24741fbb1e216b388115d31b0ca6670f894187f280b6ba6",
                "sha256:60ecbfe7669d3808ffa8a7dd1487d6eb8a4015b07235e3b723d4b2a2d4de7203",
                "sha256:610d2d112acd4e5501fac31010064a6c6efd716ceb968e443cae0059eb7b86de",
                "sha256:6136bfb0e5a9cf8c60c6ac763eb21f82940a77e6758ea53516c8c7074f4ff948",
                "sha256:62b9e80890c0d2408eb42d5d7e1fc62a5ce71be3288684788f74cf3e59ffd6e2",
                "sha256:656281d496aaf9ca4fd4cea84e6d893e3361057c4707bd38618f7e811759103c",
                "sha256:66509c48f7446b640eeae24b60c9c1461799a27b1b0754e438582e36b5af3315",
                "sha256:6bf3842af37af43fa953e96074ebbb5315f6a297198f805d019d788a1021dbc8",
                "sha256:731b208bc9412deeb553c9519dca47136b5a01ca66667cafd8733211941b17e4",
                "sha256:75243e422e85a62f0ab7953dc315452a56b2c6a7e7d1a3c3109ac3cc57ed6b47",
                "sha256:7877264aa851c19404b1bb9dbe6eed21ea0c13698be1eda3784aab3036d1c861",
                "sha256:81f99fb1224d36eb91557afec8cdc2264e856f3464500b55749020ce4c848ef2",
                "sha256:8539216173135e9e89f6b1cc392e74e6b935b91e8c76106cf50e7a02ab02efe5",
                "sha256:85456f0d8f3268eecd63dede3b99d5bd8d3b306310c37d4c15141111d22baeaf",
                "sha256:866eabf7c1315ef2e93e34230db7cbf672e0d7c626b37c11f7e870c8612c3dcc",
                "sha256:926236ca003aec70574754f39703528947211a406f5c6c8b3e50eca04a9e87fc",
                "sha256:930e6ad4f2eaac31a3d0c2130619d25db754b267487ebc186c6ad18af2a74018",
                "sha256:94f0a7289d0f5c80807c37ebb404205e7deb737e8763eb176f4770839ee2a287",
                "sha256:9a2d5e419bd39a1edb6cdd326d831f0120ddb9b1ff397e7d73541bf393294973",
                "sha256:9ca6db34b26c4d3e9b0728841ec9aa39484eee272caa97972ec8c8e231b20c7e",
                "sha256:9f72ea279b2941a5203e935a4588b9ba8a48aeb9a926d9dfa1986278bd362cb8",
                "sha256:a0e7ef9ac807db50b4eb6f534c5dcc22f998f5dae920cc28873d2c1d080a4fc9",
                "sha256:a1cd4a95f176cdc0ee0a82d49d5830f13ae6015d89decbf834c273bc33eeb3d3",
                "sha256:a9c464cc508177c09a5a6122b67f978f20e2954a21362bf095a0da4647e3e908",
                "sha256:ac97e7d647d5519bcef48dd8d3d331f72975afa5c4496c95f6e854686f45e2d9",
                "sha256:af1fbfb7ad6ac0009ccee33c90a1d303431c7fb594335eb97760988727a37577",
                "sha256:b055a1cddf8035966ad13aa51edae5dc8f1bba0b5d5e06f7a843d8b83dc9b66b",
                "sha256:b6f75b4b8574f3a8a0d6b4b52606fc75b82cb4391471be48ab0b8677c82f9ed4",
                "sha256:b90bb8dfbbd138558f1f284fecfe328f7653616ff9a972433a00711d9475d1a9",
                "sha256:be05504af0619d1cffa500af1e0ede69fb683f301003851f5993b5247cc2c576",
                "sha256:c21a5f4e54a807df5afdef52b6d24ec1580153a6bcf0607f70a6e1d9fa74c5c3",
                "sha256:c48f257da280b3be6c94e05bd575eddb1373419dbb1a72c3ce64e88f29d1cd6d",
                "sha256:cac602e02341eaaf4edfd3e29bd3fdef672e61d4e6dfe5c1d065172aee00acee",
                "sha256:ccb3e1a863222afdbda42b7ca8ac8569959593d7abd44f5a709177d6fa27d266",
                "sha256:e1081d7030a1229c8ff90120346fb7599b54f552e98fcea5170544e7c6725aab",
                "sha256:e14df47c1265356715d3d66e90282a645ebc077b70b3806cf47efcb7d1d630cb",
                "sha256:e4bba04ea779a3d7ef25a821bb63fd0939142c88e7813e5bd9c6265a20c523a2",
                "sha256:e99629a976809fe102ef73e856cf4b2660acd82a412a51e80ba2215e523dfd0a",
                "sha256:f330a1a2c7f89fd4b0aa4dcb7bf50243bf1c8da9a2f1efc31daf57a2046b31f2",
                "sha256:f3f96d452e9580cb961ece2e5a788e64abaecb1232a80e61deffb28e105ff84a",
                "sha256:fc7c1421c5b1c916acf3128bf3cc7ea7f5018b58c69a6866d70c14190e600ce9"
            ],
            "version": "==25.0.0"
        },
        "rich": {
            "hashes": [
                "sha256:125d96d20c92b946b983d0d392b84ff945461e5a06d3867e9f9e575f8697b67f",
                "sha256:8aa57747f3fc3e977684f0176a88e789be314a99f99b43b75d1e9cb5dc6db9e9"
            ],
            "index": "pypi",
            "version": "==13.3.1"
        },
        "six": {
            "hashes": [
                "sha256:1e61c37477a1626458e36f7b1d82aa5c9b094fa4802892072e49de9c60c4c926",
                "sha256:8abb2f1d86890a2dfb989f9a77cfcfd3e47c2a354b01111771326f8aa26e0254"
            ],
            "version": "==1.16.0"
        },
        "stack-data": {
            "hashes": [
                "sha256:32d2dd0376772d01b6cb9fc996f3c8b57a357089dec328ed4b6553d037eaf815",
                "sha256:cbb2a53eb64e5785878201a97ed7c7b94883f48b87bfb0bbe8b623c74679e4a8"
            ],
            "version": "==0.6.2"
        },
        "tomli": {
            "hashes": [
                "sha256:939de3e7a6161af0c887ef91b7d41a53e7c5a1ca976325f429cb46ea9bc30ecc",
                "sha256:de526c12914f0c550d15924c62d72abc48d6fe7364aa87328337a31007fe8a4f"
            ],
            "markers": "python_version < '3.11'",
            "version": "==2.0.1"
        },
        "tornado": {
            "hashes": [
                "sha256:1d54d13ab8414ed44de07efecb97d4ef7c39f7438cf5e976ccd356bebb1b5fca",
                "sha256:20f638fd8cc85f3cbae3c732326e96addff0a15e22d80f049e00121651e82e72",
                "sha256:5c87076709343557ef8032934ce5f637dbb552efa7b21d08e89ae7619ed0eb23",
                "sha256:5f8c52d219d4995388119af7ccaa0bcec289535747620116a58d830e7c25d8a8",
                "sha256:6fdfabffd8dfcb6cf887428849d30cf19a3ea34c2c248461e1f7d718ad30b66b",
                "sha256:87dcafae3e884462f90c90ecc200defe5e580a7fbbb4365eda7c7c1eb809ebc9",
                "sha256:9b630419bde84ec666bfd7ea0a4cb2a8a651c2d5cccdbdd1972a0c859dfc3c13",
                "sha256:b8150f721c101abdef99073bf66d3903e292d851bee51910839831caba341a75",
                "sha256:ba09ef14ca9893954244fd872798b4ccb2367c165946ce2dd7376aebdde8e3ac",
                "sha256:d3a2f5999215a3a06a4fc218026cd84c61b8b2b40ac5296a6db1f1451ef04c1e",
                "sha256:e5f923aa6a47e133d1cf87d60700889d7eae68988704e20c75fb2d65677a8e4b"
            ],
            "version": "==6.2"
        },
        "traitlets": {
            "hashes": [
                "sha256:9e6ec080259b9a5940c797d58b613b5e31441c2257b87c2e795c5228ae80d2d8",
                "sha256:f6cde21a9c68cf756af02035f72d5a723bf607e862e7be33ece505abf4a3bad9"
            ],
            "version": "==5.9.0"
        },
        "wcwidth": {
            "hashes": [
                "sha256:795b138f6875577cd91bba52baf9e445cd5118fd32723b460e30a0af30ea230e",
                "sha256:a5220780a404dbe3353789870978e472cfe477761f06ee55077256e509b156d0"
            ],
            "version": "==0.2.6"
        },
        "whichcraft": {
            "hashes": [
                "sha256:acdbb91b63d6a15efbd6430d1d7b2d36e44a71697e93e19b7ded477afd9fce87",
                "sha256:deda9266fbb22b8c64fd3ee45c050d61139cd87419765f588e37c8d23e236dd9"
            ],
            "version": "==0.6.1"
        },
        "widgetsnbextension": {
            "hashes": [
                "sha256:003f716d930d385be3fd9de42dd9bf008e30053f73bddde235d14fbeaeff19af",
                "sha256:eaaaf434fb9b08bd197b2a14ffe45ddb5ac3897593d43c69287091e5f3147bf7"
            ],
            "version": "==4.0.5"
        },
        "zipp": {
            "hashes": [
                "sha256:23f70e964bc11a34cef175bc90ba2914e1e4545ea1e3e2f67c079671883f9cb6",
                "sha256:e8b2a36ea17df80ffe9e2c4fda3f693c3dad6df1697d3cd3af232db680950b0b"
            ],
            "version": "==3.13.0"
        },
        "zope.event": {
            "hashes": [
                "sha256:73d9e3ef750cca14816a9c322c7250b0d7c9dbc337df5d1b807ff8d3d0b9e97c",
                "sha256:81d98813046fc86cc4136e3698fee628a3282f9c320db18658c21749235fce80"
            ],
            "version": "==4.6"
        },
        "zope.interface": {
            "hashes": [
                "sha256:008b0b65c05993bb08912f644d140530e775cf1c62a072bf9340c2249e613c32",
                "sha256:0217a9615531c83aeedb12e126611b1b1a3175013bbafe57c702ce40000eb9a0",
                "sha256:0fb497c6b088818e3395e302e426850f8236d8d9f4ef5b2836feae812a8f699c",
                "sha256:17ebf6e0b1d07ed009738016abf0d0a0f80388e009d0ac6e0ead26fc162b3b9c",
                "sha256:311196634bb9333aa06f00fc94f59d3a9fddd2305c2c425d86e406ddc6f2260d",
                "sha256:3218ab1a7748327e08ef83cca63eea7cf20ea7e2ebcb2522072896e5e2fceedf",
                "sha256:404d1e284eda9e233c90128697c71acffd55e183d70628aa0bbb0e7a3084ed8b",
                "sha256:4087e253bd3bbbc3e615ecd0b6dd03c4e6a1e46d152d3be6d2ad08fbad742dcc",
                "sha256:40f4065745e2c2fa0dff0e7ccd7c166a8ac9748974f960cd39f63d2c19f9231f",
                "sha256:5334e2ef60d3d9439c08baedaf8b84dc9bb9522d0dacbc10572ef5609ef8db6d",
                "sha256:604cdba8f1983d0ab78edc29aa71c8df0ada06fb147cea436dc37093a0100a4e",
                "sha256:6373d7eb813a143cb7795d3e42bd8ed857c82a90571567e681e1b3841a390d16",
                "sha256:655796a906fa3ca67273011c9805c1e1baa047781fca80feeb710328cdbed87f",
                "sha256:65c3c06afee96c654e590e046c4a24559e65b0a87dbff256cd4bd6f77e1a33f9",
                "sha256:696f3d5493eae7359887da55c2afa05acc3db5fc625c49529e84bd9992313296",
                "sha256:6e972493cdfe4ad0411fd9abfab7d4d800a7317a93928217f1a5de2bb0f0d87a",
                "sha256:7579960be23d1fddecb53898035a0d112ac858c3554018ce615cefc03024e46d",
                "sha256:765d703096ca47aa5d93044bf701b00bbce4d903a95b41fff7c3796e747b1f1d",
                "sha256:7e66f60b0067a10dd289b29dceabd3d0e6d68be1504fc9d0bc209cf07f56d189",
                "sha256:8a2ffadefd0e7206adc86e492ccc60395f7edb5680adedf17a7ee4205c530df4",
                "sha256:959697ef2757406bff71467a09d940ca364e724c534efbf3786e86eee8591452",
                "sha256:9d783213fab61832dbb10d385a319cb0e45451088abd45f95b5bb88ed0acca1a",
                "sha256:a16025df73d24795a0bde05504911d306307c24a64187752685ff6ea23897cb0",
                "sha256:a2ad597c8c9e038a5912ac3cf166f82926feff2f6e0dabdab956768de0a258f5",
                "sha256:bfee1f3ff62143819499e348f5b8a7f3aa0259f9aca5e0ddae7391d059dce671",
                "sha256:d169ccd0756c15bbb2f1acc012f5aab279dffc334d733ca0d9362c5beaebe88e",
                "sha256:d514c269d1f9f5cd05ddfed15298d6c418129f3f064765295659798349c43e6f",
                "sha256:d692374b578360d36568dd05efb8a5a67ab6d1878c29c582e37ddba80e66c396",
                "sha256:dbaeb9cf0ea0b3bc4b36fae54a016933d64c6d52a94810a63c00f440ecb37dd7",
                "sha256:dc26c8d44472e035d59d6f1177eb712888447f5799743da9c398b0339ed90b1b",
                "sha256:e1574980b48c8c74f83578d1e77e701f8439a5d93f36a5a0af31337467c08fcf",
                "sha256:e74a578172525c20d7223eac5f8ad187f10940dac06e40113d62f14f3adb1e8f",
                "sha256:e945de62917acbf853ab968d8916290548df18dd62c739d862f359ecd25842a6",
                "sha256:f0980d44b8aded808bec5059018d64692f0127f10510eca71f2f0ace8fb11188",
                "sha256:f98d4bd7bbb15ca701d19b93263cc5edfd480c3475d163f137385f49e5b3a3a7",
                "sha256:fb68d212efd057596dee9e6582daded9f8ef776538afdf5feceb3059df2d2e7b"
            ],
            "version": "==5.5.2"
        }
    },
    "develop": {}
}
